{
  "name": "server",
  "version": "1.0.0",
  "lockfileVersion": 1,
  "requires": true,
  "dependencies": {
    "accepts": {
      "version": "1.3.4",
      "resolved": "https://campspot.jfrog.io/campspot/api/npm/npm-remote/accepts/-/accepts-1.3.4.tgz",
      "integrity": "sha1-hiRnWMfdbSGmR0/whKR0DsBesh8=",
      "requires": {
        "mime-types": "2.1.18",
        "negotiator": "0.6.1"
      }
    },
    "array-flatten": {
      "version": "1.1.1",
      "resolved": "https://campspot.jfrog.io/campspot/api/npm/npm-remote/array-flatten/-/array-flatten-1.1.1.tgz",
      "integrity": "sha1-ml9pkFGx5wczKPKgCJaLZOopVdI="
    },
    "asn1.js": {
      "version": "5.0.0",
      "resolved": "https://campspot.jfrog.io/campspot/api/npm/npm-remote/asn1.js/-/asn1.js-5.0.0.tgz",
      "integrity": "sha1-Kwq7x/pm3Aqt0GpGg8c2CMMrBpY=",
      "requires": {
        "bn.js": "4.11.8",
        "inherits": "2.0.3",
        "minimalistic-assert": "1.0.0"
      }
    },
    "async": {
      "version": "2.6.0",
      "resolved": "https://campspot.jfrog.io/campspot/api/npm/npm-remote/async/-/async-2.6.0.tgz",
      "integrity": "sha1-YaKau2/MAm/qd+VtHG7FOnlZUfQ=",
      "requires": {
        "lodash": "4.17.5"
      }
    },
    "balanced-match": {
      "version": "1.0.0",
      "resolved": "https://campspot.jfrog.io/campspot/api/npm/npm-remote/balanced-match/-/balanced-match-1.0.0.tgz",
      "integrity": "sha1-ibTRmasr7kneFk6gK4nORi1xt2c="
    },
    "base-x": {
      "version": "3.0.4",
      "resolved": "https://campspot.jfrog.io/campspot/api/npm/npm-remote/base-x/-/base-x-3.0.4.tgz",
      "integrity": "sha1-lMF4hzbaBl7bHWiAiGnjV8l3+nc=",
      "requires": {
        "safe-buffer": "5.1.1"
      }
    },
    "big.js": {
      "version": "5.0.3",
      "resolved": "https://campspot.jfrog.io/campspot/api/npm/npm-remote/big.js/-/big.js-5.0.3.tgz",
      "integrity": "sha1-lnn7CjWZp9PfOX+FXonE26AWlg4="
    },
    "bindings": {
      "version": "1.3.0",
      "resolved": "https://campspot.jfrog.io/campspot/api/npm/npm-remote/bindings/-/bindings-1.3.0.tgz",
      "integrity": "sha1-s0b27PapX1qBXFg5/HzbIlAvHtc="
    },
    "bip66": {
      "version": "1.1.5",
      "resolved": "https://campspot.jfrog.io/campspot/api/npm/npm-remote/bip66/-/bip66-1.1.5.tgz",
      "integrity": "sha1-AfqHSHhcpwlV1QESF9GzE5lpyiI=",
      "requires": {
        "safe-buffer": "5.1.1"
      }
    },
    "bl": {
      "version": "1.2.1",
      "resolved": "https://campspot.jfrog.io/campspot/api/npm/npm-remote/bl/-/bl-1.2.1.tgz",
      "integrity": "sha1-ysMo977kVzDUBLaSID/LWQ4XLV4=",
      "requires": {
        "readable-stream": "2.3.4"
      }
    },
    "blakejs": {
      "version": "1.1.0",
      "resolved": "https://campspot.jfrog.io/campspot/api/npm/npm-remote/blakejs/-/blakejs-1.1.0.tgz",
      "integrity": "sha1-ad+S75U6qIylGjLfarHFShVfx6U="
    },
    "bluebird": {
      "version": "3.5.1",
      "resolved": "https://campspot.jfrog.io/campspot/api/npm/npm-remote/bluebird/-/bluebird-3.5.1.tgz",
      "integrity": "sha1-2VUfnemPH82h5oPRfukaBgLuLrk="
    },
    "bn.js": {
      "version": "4.11.8",
      "resolved": "https://campspot.jfrog.io/campspot/api/npm/npm-remote/bn.js/-/bn.js-4.11.8.tgz",
      "integrity": "sha1-LN4J617jQfSEdGuwMJsyU7GxRC8="
    },
    "body-parser": {
      "version": "1.18.2",
      "resolved": "https://campspot.jfrog.io/campspot/api/npm/npm-remote/body-parser/-/body-parser-1.18.2.tgz",
      "integrity": "sha1-h2eKGdhLR9hZuDGZvVm84iKxBFQ=",
      "requires": {
        "bytes": "3.0.0",
        "content-type": "1.0.4",
        "debug": "2.6.9",
        "depd": "1.1.2",
        "http-errors": "1.6.2",
        "iconv-lite": "0.4.19",
        "on-finished": "2.3.0",
        "qs": "6.5.1",
        "raw-body": "2.3.2",
        "type-is": "1.6.16"
      }
    },
    "brace-expansion": {
      "version": "1.1.11",
      "resolved": "https://campspot.jfrog.io/campspot/api/npm/npm-remote/brace-expansion/-/brace-expansion-1.1.11.tgz",
      "integrity": "sha1-PH/L9SnYcibz0vUrlm/1Jx60Qd0=",
      "requires": {
        "balanced-match": "1.0.0",
        "concat-map": "0.0.1"
      }
    },
    "brorand": {
      "version": "1.1.0",
      "resolved": "https://campspot.jfrog.io/campspot/api/npm/npm-remote/brorand/-/brorand-1.1.0.tgz",
      "integrity": "sha1-EsJe/kCkXjwyPrhnWgoM5XsiNx8="
    },
    "browserify-aes": {
      "version": "1.1.1",
      "resolved": "https://campspot.jfrog.io/campspot/api/npm/npm-remote/browserify-aes/-/browserify-aes-1.1.1.tgz",
      "integrity": "sha1-OLerVe24Bv8tzaGn8WIHc6R3xJ8=",
      "requires": {
        "buffer-xor": "1.0.3",
        "cipher-base": "1.0.4",
        "create-hash": "1.1.3",
        "evp_bytestokey": "1.0.3",
        "inherits": "2.0.3",
        "safe-buffer": "5.1.1"
      }
    },
    "bs58": {
      "version": "4.0.1",
      "resolved": "https://campspot.jfrog.io/campspot/api/npm/npm-remote/bs58/-/bs58-4.0.1.tgz",
      "integrity": "sha1-vhYedsNU9veIrkBx9j806MTwpCo=",
      "requires": {
        "base-x": "3.0.4"
      }
    },
    "buffer-loader": {
      "version": "0.0.1",
      "resolved": "https://campspot.jfrog.io/campspot/api/npm/npm-remote/buffer-loader/-/buffer-loader-0.0.1.tgz",
      "integrity": "sha1-TWd8qS3YiTEIeLAqL7z6txICTPI="
    },
    "buffer-xor": {
      "version": "1.0.3",
      "resolved": "https://campspot.jfrog.io/campspot/api/npm/npm-remote/buffer-xor/-/buffer-xor-1.0.3.tgz",
      "integrity": "sha1-JuYe0UIvtw3ULm42cp7VHYVf6Nk="
    },
    "builtin-status-codes": {
      "version": "3.0.0",
      "resolved": "https://campspot.jfrog.io/campspot/api/npm/npm-remote/builtin-status-codes/-/builtin-status-codes-3.0.0.tgz",
      "integrity": "sha1-hZgoeOIbmOHGZCXgPQF0eI9Wnug="
    },
    "bytes": {
      "version": "3.0.0",
      "resolved": "https://campspot.jfrog.io/campspot/api/npm/npm-remote/bytes/-/bytes-3.0.0.tgz",
      "integrity": "sha1-0ygVQE1olpn4Wk6k+odV3ROpYEg="
    },
    "cids": {
      "version": "0.5.2",
      "resolved": "https://campspot.jfrog.io/campspot/api/npm/npm-remote/cids/-/cids-0.5.2.tgz",
      "integrity": "sha1-wbrzBvgWW6qr+1E0tcIKUEUFSKY=",
      "requires": {
        "multibase": "0.3.4",
        "multicodec": "0.2.6",
        "multihashes": "0.4.13"
      }
    },
    "cipher-base": {
      "version": "1.0.4",
      "resolved": "https://campspot.jfrog.io/campspot/api/npm/npm-remote/cipher-base/-/cipher-base-1.0.4.tgz",
      "integrity": "sha1-h2Dk7MJy9MNjUy+SbYdKriwTl94=",
      "requires": {
        "inherits": "2.0.3",
        "safe-buffer": "5.1.1"
      }
    },
    "concat-map": {
      "version": "0.0.1",
      "resolved": "https://campspot.jfrog.io/campspot/api/npm/npm-remote/concat-map/-/concat-map-0.0.1.tgz",
      "integrity": "sha1-2Klr13/Wjfd5OnMDajug1UBdR3s="
    },
    "concat-stream": {
      "version": "1.6.0",
      "resolved": "https://campspot.jfrog.io/campspot/api/npm/npm-remote/concat-stream/-/concat-stream-1.6.0.tgz",
      "integrity": "sha1-CqxmL9Ur54lk1VMvaUeE5wEQrPc=",
      "requires": {
        "inherits": "2.0.3",
        "readable-stream": "2.3.4",
        "typedarray": "0.0.6"
      }
    },
    "content-disposition": {
      "version": "0.5.2",
      "resolved": "https://campspot.jfrog.io/campspot/api/npm/npm-remote/content-disposition/-/content-disposition-0.5.2.tgz",
      "integrity": "sha1-DPaLud318r55YcOoUXjLhdunjLQ="
    },
    "content-type": {
      "version": "1.0.4",
      "resolved": "https://campspot.jfrog.io/campspot/api/npm/npm-remote/content-type/-/content-type-1.0.4.tgz",
      "integrity": "sha1-4TjMdeBAxyexlm/l5fjJruJW/js="
    },
    "cookie": {
      "version": "0.3.1",
      "resolved": "https://campspot.jfrog.io/campspot/api/npm/npm-remote/cookie/-/cookie-0.3.1.tgz",
      "integrity": "sha1-5+Ch+e9DtMi6klxcWpboBtFoc7s="
    },
    "cookie-signature": {
      "version": "1.0.6",
      "resolved": "https://campspot.jfrog.io/campspot/api/npm/npm-remote/cookie-signature/-/cookie-signature-1.0.6.tgz",
      "integrity": "sha1-4wOogrNCzD7oylE6eZmXNNqzriw="
    },
    "core-util-is": {
      "version": "1.0.2",
      "resolved": "https://campspot.jfrog.io/campspot/api/npm/npm-remote/core-util-is/-/core-util-is-1.0.2.tgz",
      "integrity": "sha1-tf1UIgqivFq1eqtxQMlAdUUDwac="
    },
    "create-hash": {
      "version": "1.1.3",
      "resolved": "https://campspot.jfrog.io/campspot/api/npm/npm-remote/create-hash/-/create-hash-1.1.3.tgz",
      "integrity": "sha1-YGBCrIuSYnUPSDyt2rD1gZFy2P0=",
      "requires": {
        "cipher-base": "1.0.4",
        "inherits": "2.0.3",
        "ripemd160": "2.0.1",
        "sha.js": "2.4.10"
      }
    },
    "create-hmac": {
      "version": "1.1.6",
      "resolved": "https://campspot.jfrog.io/campspot/api/npm/npm-remote/create-hmac/-/create-hmac-1.1.6.tgz",
      "integrity": "sha1-rLniIaThe9sHbpBlfEK5PjcmzwY=",
      "requires": {
        "cipher-base": "1.0.4",
        "create-hash": "1.1.3",
        "inherits": "2.0.3",
        "ripemd160": "2.0.1",
        "safe-buffer": "5.1.1",
        "sha.js": "2.4.10"
      }
    },
    "debug": {
      "version": "2.6.9",
      "resolved": "https://campspot.jfrog.io/campspot/api/npm/npm-remote/debug/-/debug-2.6.9.tgz",
      "integrity": "sha1-XRKFFd8TT/Mn6QpMk/Tgd6U2NB8=",
      "requires": {
        "ms": "2.0.0"
      }
    },
    "depd": {
      "version": "1.1.2",
      "resolved": "https://campspot.jfrog.io/campspot/api/npm/npm-remote/depd/-/depd-1.1.2.tgz",
      "integrity": "sha1-m81S4UwJd2PnSbJ0xDRu0uVgtak="
    },
    "destroy": {
      "version": "1.0.4",
      "resolved": "https://campspot.jfrog.io/campspot/api/npm/npm-remote/destroy/-/destroy-1.0.4.tgz",
      "integrity": "sha1-l4hXRCxEdJ5CBmE+N5RiBYJqvYA="
    },
    "detect-node": {
      "version": "2.0.3",
      "resolved": "https://campspot.jfrog.io/campspot/api/npm/npm-remote/detect-node/-/detect-node-2.0.3.tgz",
      "integrity": "sha1-ogM8CcyOFY03dI+951B4Mr1s4Sc="
    },
    "drbg.js": {
      "version": "1.0.1",
      "resolved": "https://campspot.jfrog.io/campspot/api/npm/npm-remote/drbg.js/-/drbg.js-1.0.1.tgz",
      "integrity": "sha1-Pja2xCs3BDgjzbwzLVjzHiRFSAs=",
      "requires": {
        "browserify-aes": "1.1.1",
        "create-hash": "1.1.3",
        "create-hmac": "1.1.6"
      }
    },
    "ee-first": {
      "version": "1.1.1",
      "resolved": "https://campspot.jfrog.io/campspot/api/npm/npm-remote/ee-first/-/ee-first-1.1.1.tgz",
      "integrity": "sha1-WQxhFWsK4vTwJVcyoViyZrxWsh0="
    },
    "elliptic": {
      "version": "6.4.0",
      "resolved": "https://campspot.jfrog.io/campspot/api/npm/npm-remote/elliptic/-/elliptic-6.4.0.tgz",
      "integrity": "sha1-ysmvh2LIWDYYcAPI3+GT5eLq5d8=",
      "requires": {
        "bn.js": "4.11.8",
        "brorand": "1.1.0",
        "hash.js": "1.1.3",
        "hmac-drbg": "1.0.1",
        "inherits": "2.0.3",
        "minimalistic-assert": "1.0.0",
        "minimalistic-crypto-utils": "1.0.1"
      }
    },
    "encodeurl": {
      "version": "1.0.2",
      "resolved": "https://campspot.jfrog.io/campspot/api/npm/npm-remote/encodeurl/-/encodeurl-1.0.2.tgz",
      "integrity": "sha1-rT/0yG7C0CkyL1oCw6mmBslbP1k="
    },
    "end-of-stream": {
      "version": "1.4.1",
      "resolved": "https://campspot.jfrog.io/campspot/api/npm/npm-remote/end-of-stream/-/end-of-stream-1.4.1.tgz",
      "integrity": "sha1-7SljTRm6ukY7bOa4CjchPqtx7EM=",
      "requires": {
        "once": "1.4.0"
      }
    },
    "escape-html": {
      "version": "1.0.3",
      "resolved": "https://campspot.jfrog.io/campspot/api/npm/npm-remote/escape-html/-/escape-html-1.0.3.tgz",
      "integrity": "sha1-Aljq5NPQwJdN4cFpGI7wBR0dGYg="
    },
    "etag": {
      "version": "1.8.1",
      "resolved": "https://campspot.jfrog.io/campspot/api/npm/npm-remote/etag/-/etag-1.8.1.tgz",
      "integrity": "sha1-Qa4u62XvpiJorr/qg6x9eSmbCIc="
    },
    "evp_bytestokey": {
      "version": "1.0.3",
      "resolved": "https://campspot.jfrog.io/campspot/api/npm/npm-remote/evp_bytestokey/-/evp_bytestokey-1.0.3.tgz",
      "integrity": "sha1-f8vbGY3HGVlDLv4ThCaE4FJaywI=",
      "requires": {
        "md5.js": "1.3.4",
        "safe-buffer": "5.1.1"
      }
    },
    "express": {
      "version": "4.16.2",
      "resolved": "https://campspot.jfrog.io/campspot/api/npm/npm-remote/express/-/express-4.16.2.tgz",
      "integrity": "sha1-41xt/i1kt9ygpc1PIXgb4ymeB2w=",
      "requires": {
        "accepts": "1.3.4",
        "array-flatten": "1.1.1",
        "body-parser": "1.18.2",
        "content-disposition": "0.5.2",
        "content-type": "1.0.4",
        "cookie": "0.3.1",
        "cookie-signature": "1.0.6",
        "debug": "2.6.9",
        "depd": "1.1.2",
        "encodeurl": "1.0.2",
        "escape-html": "1.0.3",
        "etag": "1.8.1",
        "finalhandler": "1.1.0",
        "fresh": "0.5.2",
        "merge-descriptors": "1.0.1",
        "methods": "1.1.2",
        "on-finished": "2.3.0",
        "parseurl": "1.3.2",
        "path-to-regexp": "0.1.7",
        "proxy-addr": "2.0.2",
        "qs": "6.5.1",
        "range-parser": "1.2.0",
        "safe-buffer": "5.1.1",
        "send": "0.16.1",
        "serve-static": "1.13.1",
        "setprototypeof": "1.1.0",
        "statuses": "1.3.1",
        "type-is": "1.6.16",
        "utils-merge": "1.0.1",
        "vary": "1.1.2"
      },
      "dependencies": {
        "setprototypeof": {
          "version": "1.1.0",
          "resolved": "https://campspot.jfrog.io/campspot/api/npm/npm-remote/setprototypeof/-/setprototypeof-1.1.0.tgz",
          "integrity": "sha1-0L2FU2iHtv58DYGMuWLZ2RxU5lY="
        },
        "statuses": {
          "version": "1.3.1",
          "resolved": "https://campspot.jfrog.io/campspot/api/npm/npm-remote/statuses/-/statuses-1.3.1.tgz",
          "integrity": "sha1-+vUbnrdKrvOzrPStX2Gr8ky3uT4="
        }
      }
    },
    "finalhandler": {
      "version": "1.1.0",
      "resolved": "https://campspot.jfrog.io/campspot/api/npm/npm-remote/finalhandler/-/finalhandler-1.1.0.tgz",
      "integrity": "sha1-zgtoVbRYU+eRsvzGgARtiCU91/U=",
      "requires": {
        "debug": "2.6.9",
        "encodeurl": "1.0.2",
        "escape-html": "1.0.3",
        "on-finished": "2.3.0",
        "parseurl": "1.3.2",
        "statuses": "1.3.1",
        "unpipe": "1.0.0"
      },
      "dependencies": {
        "statuses": {
          "version": "1.3.1",
          "resolved": "https://campspot.jfrog.io/campspot/api/npm/npm-remote/statuses/-/statuses-1.3.1.tgz",
          "integrity": "sha1-+vUbnrdKrvOzrPStX2Gr8ky3uT4="
        }
      }
    },
    "flatmap": {
      "version": "0.0.3",
      "resolved": "https://campspot.jfrog.io/campspot/api/npm/npm-remote/flatmap/-/flatmap-0.0.3.tgz",
      "integrity": "sha1-Hxik2TgVLUlZZfnJWNkjqy3WabQ="
    },
    "forwarded": {
      "version": "0.1.2",
      "resolved": "https://campspot.jfrog.io/campspot/api/npm/npm-remote/forwarded/-/forwarded-0.1.2.tgz",
      "integrity": "sha1-mMI9qxF1ZXuMBXPozszZGw/xjIQ="
    },
    "fresh": {
      "version": "0.5.2",
      "resolved": "https://campspot.jfrog.io/campspot/api/npm/npm-remote/fresh/-/fresh-0.5.2.tgz",
      "integrity": "sha1-PYyt2Q2XZWn6g1qx+OSyOhBWBac="
    },
    "fs": {
      "version": "0.0.1-security",
      "resolved": "https://campspot.jfrog.io/campspot/api/npm/npm-remote/fs/-/fs-0.0.1-security.tgz",
      "integrity": "sha1-invTcYa23d84E/I4WLV+yq9eQdQ="
    },
    "fs.realpath": {
      "version": "1.0.0",
      "resolved": "https://campspot.jfrog.io/campspot/api/npm/npm-remote/fs.realpath/-/fs.realpath-1.0.0.tgz",
      "integrity": "sha1-FQStJSMVjKpA20onh8sBQRmU6k8="
    },
    "glob": {
      "version": "7.1.2",
      "resolved": "https://campspot.jfrog.io/campspot/api/npm/npm-remote/glob/-/glob-7.1.2.tgz",
      "integrity": "sha1-wZyd+aAocC1nhhI4SmVSQExjbRU=",
      "requires": {
        "fs.realpath": "1.0.0",
        "inflight": "1.0.6",
        "inherits": "2.0.3",
        "minimatch": "3.0.4",
        "once": "1.4.0",
        "path-is-absolute": "1.0.1"
      }
    },
    "hash-base": {
      "version": "2.0.2",
      "resolved": "https://campspot.jfrog.io/campspot/api/npm/npm-remote/hash-base/-/hash-base-2.0.2.tgz",
      "integrity": "sha1-ZuodhW206KVHDK32/OI65SRO8uE=",
      "requires": {
        "inherits": "2.0.3"
      }
    },
    "hash.js": {
      "version": "1.1.3",
      "resolved": "https://campspot.jfrog.io/campspot/api/npm/npm-remote/hash.js/-/hash.js-1.1.3.tgz",
      "integrity": "sha1-NA3tvmKQGHFRweodd3o0SJNd+EY=",
      "requires": {
        "inherits": "2.0.3",
        "minimalistic-assert": "1.0.0"
      }
    },
    "hmac-drbg": {
      "version": "1.0.1",
      "resolved": "https://campspot.jfrog.io/campspot/api/npm/npm-remote/hmac-drbg/-/hmac-drbg-1.0.1.tgz",
      "integrity": "sha1-0nRXAQJabHdabFRXk+1QL8DGSaE=",
      "requires": {
        "hash.js": "1.1.3",
        "minimalistic-assert": "1.0.0",
        "minimalistic-crypto-utils": "1.0.1"
      }
    },
    "http-errors": {
      "version": "1.6.2",
      "resolved": "https://registry.npmjs.org/http-errors/-/http-errors-1.6.2.tgz",
      "integrity": "sha1-CgAsyFcHGSp+eUbO7cERVfYOxzY=",
      "requires": {
        "depd": "1.1.1",
        "inherits": "2.0.3",
        "setprototypeof": "1.0.3",
        "statuses": "1.4.0"
      },
      "dependencies": {
        "depd": {
          "version": "1.1.1",
          "resolved": "https://registry.npmjs.org/depd/-/depd-1.1.1.tgz",
          "integrity": "sha1-V4O04cRZ8G+lyif5kfPQbnoxA1k="
        }
      }
    },
    "iconv-lite": {
      "version": "0.4.19",
      "resolved": "https://campspot.jfrog.io/campspot/api/npm/npm-remote/iconv-lite/-/iconv-lite-0.4.19.tgz",
      "integrity": "sha1-90aPYBNfXl2tM5nAqBvpoWA6CCs="
    },
    "inflight": {
      "version": "1.0.6",
      "resolved": "https://campspot.jfrog.io/campspot/api/npm/npm-remote/inflight/-/inflight-1.0.6.tgz",
      "integrity": "sha1-Sb1jMdfQLQwJvJEKEHW6gWW1bfk=",
      "requires": {
        "once": "1.4.0",
        "wrappy": "1.0.2"
      }
    },
    "inherits": {
      "version": "2.0.3",
      "resolved": "https://registry.npmjs.org/inherits/-/inherits-2.0.3.tgz",
      "integrity": "sha1-Yzwsg+PaQqUC9SRmAiSA9CCCYd4="
    },
    "ip": {
      "version": "1.1.5",
      "resolved": "https://campspot.jfrog.io/campspot/api/npm/npm-remote/ip/-/ip-1.1.5.tgz",
      "integrity": "sha1-vd7XARQpCCjAoDnnLvJfWq7ENUo="
    },
    "ipaddr.js": {
      "version": "1.5.2",
      "resolved": "https://campspot.jfrog.io/campspot/api/npm/npm-remote/ipaddr.js/-/ipaddr.js-1.5.2.tgz",
      "integrity": "sha1-1LUFvemUaYfM8PxY2QEP+WB+P6A="
    },
    "ipfs-api": {
      "version": "18.0.0",
      "resolved": "https://campspot.jfrog.io/campspot/api/npm/npm-remote/ipfs-api/-/ipfs-api-18.0.0.tgz",
      "integrity": "sha1-NVHw8JKYHdynfGA+BhqN1Qgzfw4=",
      "requires": {
        "async": "2.6.0",
        "big.js": "5.0.3",
        "bs58": "4.0.1",
        "cids": "0.5.2",
        "concat-stream": "1.6.0",
        "detect-node": "2.0.3",
        "flatmap": "0.0.3",
        "glob": "7.1.2",
        "ipfs-block": "0.6.1",
        "ipfs-unixfs": "0.1.14",
        "ipld-dag-pb": "0.13.0",
        "is-ipfs": "0.3.2",
        "is-stream": "1.1.0",
        "lru-cache": "4.1.1",
        "multiaddr": "3.0.2",
        "multihashes": "0.4.13",
        "ndjson": "1.5.0",
        "once": "1.4.0",
        "peer-id": "0.10.6",
        "peer-info": "0.11.6",
        "promisify-es6": "1.0.3",
        "pull-defer": "0.2.2",
        "pull-pushable": "2.2.0",
        "pump": "3.0.0",
        "qs": "6.5.1",
        "readable-stream": "2.3.4",
        "stream-http": "2.8.0",
        "stream-to-pull-stream": "1.7.2",
        "streamifier": "0.1.1",
        "tar-stream": "1.5.5"
      }
    },
    "ipfs-block": {
      "version": "0.6.1",
      "resolved": "https://campspot.jfrog.io/campspot/api/npm/npm-remote/ipfs-block/-/ipfs-block-0.6.1.tgz",
      "integrity": "sha1-uTBT6eqV917SkHgX/79V2ZKgatE=",
      "requires": {
        "cids": "0.5.2"
      }
    },
    "ipfs-unixfs": {
      "version": "0.1.14",
      "resolved": "https://campspot.jfrog.io/campspot/api/npm/npm-remote/ipfs-unixfs/-/ipfs-unixfs-0.1.14.tgz",
      "integrity": "sha1-JWQ3/PZC2KtGtRhVguxPIekI7zc=",
      "requires": {
        "protons": "1.0.1"
      }
    },
    "ipld-dag-pb": {
      "version": "0.13.0",
      "resolved": "https://campspot.jfrog.io/campspot/api/npm/npm-remote/ipld-dag-pb/-/ipld-dag-pb-0.13.0.tgz",
      "integrity": "sha1-YgkrnLCjlwuNhGbKHz06P1+2RiI=",
      "requires": {
        "async": "2.6.0",
        "bs58": "4.0.1",
        "buffer-loader": "0.0.1",
        "cids": "0.5.2",
        "ipfs-block": "0.6.1",
        "is-ipfs": "0.3.2",
        "multihashes": "0.4.13",
        "multihashing-async": "0.4.7",
        "protons": "1.0.1",
        "pull-stream": "3.6.1",
        "pull-traverse": "1.0.3",
        "stable": "0.1.6"
      }
    },
    "is-ipfs": {
      "version": "0.3.2",
      "resolved": "https://campspot.jfrog.io/campspot/api/npm/npm-remote/is-ipfs/-/is-ipfs-0.3.2.tgz",
      "integrity": "sha1-xGULg442/QFR3liWsv8xn+iTYYI=",
      "requires": {
        "bs58": "4.0.1",
        "cids": "0.5.2",
        "multihashes": "0.4.13"
      }
    },
    "is-promise": {
      "version": "1.0.1",
      "resolved": "https://campspot.jfrog.io/campspot/api/npm/npm-remote/is-promise/-/is-promise-1.0.1.tgz",
      "integrity": "sha1-MVc3YcBX4zwukaq56W2gjO++duU="
    },
    "is-stream": {
      "version": "1.1.0",
      "resolved": "https://campspot.jfrog.io/campspot/api/npm/npm-remote/is-stream/-/is-stream-1.1.0.tgz",
      "integrity": "sha1-EtSj3U5o4Lec6428hBc66A2RykQ="
    },
    "isarray": {
      "version": "1.0.0",
      "resolved": "https://campspot.jfrog.io/campspot/api/npm/npm-remote/isarray/-/isarray-1.0.0.tgz",
      "integrity": "sha1-u5NdSFgsuhaMBoNJV6VKPgcSTxE="
    },
    "js-sha3": {
      "version": "0.6.1",
      "resolved": "https://campspot.jfrog.io/campspot/api/npm/npm-remote/js-sha3/-/js-sha3-0.6.1.tgz",
      "integrity": "sha1-W4n3enR3Z5h39YxKB1JAk0sflcA="
    },
    "json-stringify-safe": {
      "version": "5.0.1",
      "resolved": "https://campspot.jfrog.io/campspot/api/npm/npm-remote/json-stringify-safe/-/json-stringify-safe-5.0.1.tgz",
      "integrity": "sha1-Epai1Y/UXxmg9s4B1lcB4sc1tus="
    },
    "keypair": {
      "version": "1.0.1",
      "resolved": "https://campspot.jfrog.io/campspot/api/npm/npm-remote/keypair/-/keypair-1.0.1.tgz",
      "integrity": "sha1-dgNxknCvtlZO04oiCHoG/Jqk6hs="
    },
    "libp2p-crypto": {
      "version": "0.12.1",
      "resolved": "https://campspot.jfrog.io/campspot/api/npm/npm-remote/libp2p-crypto/-/libp2p-crypto-0.12.1.tgz",
      "integrity": "sha1-SocNJpujFQ3+AU5PmuoeVQdgFcg=",
      "requires": {
        "asn1.js": "5.0.0",
        "async": "2.6.0",
        "browserify-aes": "1.1.1",
        "bs58": "4.0.1",
        "keypair": "1.0.1",
        "libp2p-crypto-secp256k1": "0.2.2",
        "multihashing-async": "0.4.7",
        "node-forge": "0.7.1",
        "pem-jwk": "1.5.1",
        "protons": "1.0.1",
        "rsa-pem-to-jwk": "1.1.3",
        "tweetnacl": "1.0.0",
        "webcrypto-shim": "github:dignifiedquire/webcrypto-shim#190bc9ec341375df6025b17ae12ddb2428ea49c8"
      }
    },
    "libp2p-crypto-secp256k1": {
      "version": "0.2.2",
      "resolved": "https://campspot.jfrog.io/campspot/api/npm/npm-remote/libp2p-crypto-secp256k1/-/libp2p-crypto-secp256k1-0.2.2.tgz",
      "integrity": "sha1-DdUh8Yq8TjahUuJOmzYwewrpzwU=",
      "requires": {
        "async": "2.6.0",
        "multihashing-async": "0.4.7",
        "nodeify": "1.0.1",
        "safe-buffer": "5.1.1",
        "secp256k1": "3.5.0"
      }
    },
    "lodash": {
      "version": "4.17.5",
      "resolved": "https://campspot.jfrog.io/campspot/api/npm/npm-remote/lodash/-/lodash-4.17.5.tgz",
      "integrity": "sha1-maktZcAnLevoyWtgV7yPv6O+1RE="
    },
    "lodash.filter": {
      "version": "4.6.0",
      "resolved": "https://campspot.jfrog.io/campspot/api/npm/npm-remote/lodash.filter/-/lodash.filter-4.6.0.tgz",
      "integrity": "sha1-ZosdSYFgOuHMWm+nYBQ+SAtMSs4="
    },
    "lodash.map": {
      "version": "4.6.0",
      "resolved": "https://campspot.jfrog.io/campspot/api/npm/npm-remote/lodash.map/-/lodash.map-4.6.0.tgz",
      "integrity": "sha1-dx7Hg540c9nEzeKLGTlMNWL09tM="
    },
    "lodash.uniqby": {
      "version": "4.7.0",
      "resolved": "https://campspot.jfrog.io/campspot/api/npm/npm-remote/lodash.uniqby/-/lodash.uniqby-4.7.0.tgz",
      "integrity": "sha1-2ZwHpmnp5tJOE2Lf4mbGdhavEwI="
    },
    "looper": {
      "version": "3.0.0",
      "resolved": "https://campspot.jfrog.io/campspot/api/npm/npm-remote/looper/-/looper-3.0.0.tgz",
      "integrity": "sha1-LvpUw7HLq6m5Su4uWRSwvlf7t0k="
    },
    "lru-cache": {
      "version": "4.1.1",
      "resolved": "https://campspot.jfrog.io/campspot/api/npm/npm-remote/lru-cache/-/lru-cache-4.1.1.tgz",
      "integrity": "sha1-Yi4y6CSItJJ5EUpPns9F581rulU=",
      "requires": {
        "pseudomap": "1.0.2",
        "yallist": "2.1.2"
      }
    },
    "md5.js": {
      "version": "1.3.4",
      "resolved": "https://campspot.jfrog.io/campspot/api/npm/npm-remote/md5.js/-/md5.js-1.3.4.tgz",
      "integrity": "sha1-6b296UogpawYsENA/Fdk1bCdkB0=",
      "requires": {
        "hash-base": "3.0.4",
        "inherits": "2.0.3"
      },
      "dependencies": {
        "hash-base": {
          "version": "3.0.4",
          "resolved": "https://campspot.jfrog.io/campspot/api/npm/npm-remote/hash-base/-/hash-base-3.0.4.tgz",
          "integrity": "sha1-X8hoaEfs1zSZQDMZprCj8/auSRg=",
          "requires": {
            "inherits": "2.0.3",
            "safe-buffer": "5.1.1"
          }
        }
      }
    },
    "media-typer": {
      "version": "0.3.0",
      "resolved": "https://campspot.jfrog.io/campspot/api/npm/npm-remote/media-typer/-/media-typer-0.3.0.tgz",
      "integrity": "sha1-hxDXrwqmJvj/+hzgAWhUUmMlV0g="
    },
    "merge-descriptors": {
      "version": "1.0.1",
      "resolved": "https://campspot.jfrog.io/campspot/api/npm/npm-remote/merge-descriptors/-/merge-descriptors-1.0.1.tgz",
      "integrity": "sha1-sAqqVW3YtEVoFQ7J0blT8/kMu2E="
    },
    "methods": {
      "version": "1.1.2",
      "resolved": "https://campspot.jfrog.io/campspot/api/npm/npm-remote/methods/-/methods-1.1.2.tgz",
      "integrity": "sha1-VSmk1nZUE07cxSZmVoNbD4Ua/O4="
    },
    "mime": {
      "version": "1.4.1",
      "resolved": "https://campspot.jfrog.io/campspot/api/npm/npm-remote/mime/-/mime-1.4.1.tgz",
      "integrity": "sha1-Eh+evEnjdm8xGnbh+hyAA8SwOqY="
    },
    "mime-db": {
      "version": "1.33.0",
      "resolved": "https://campspot.jfrog.io/campspot/api/npm/npm-remote/mime-db/-/mime-db-1.33.0.tgz",
      "integrity": "sha1-o0kgUKXLm2NFBUHjnZeI0icng9s="
    },
    "mime-types": {
      "version": "2.1.18",
      "resolved": "https://campspot.jfrog.io/campspot/api/npm/npm-remote/mime-types/-/mime-types-2.1.18.tgz",
      "integrity": "sha1-bzI/YKg9ERRvgx/xH9ZuL+VQO7g=",
      "requires": {
        "mime-db": "1.33.0"
      }
    },
    "minimalistic-assert": {
      "version": "1.0.0",
      "resolved": "https://campspot.jfrog.io/campspot/api/npm/npm-remote/minimalistic-assert/-/minimalistic-assert-1.0.0.tgz",
      "integrity": "sha1-cCvi3aazf0g2vLP121ZkG2Sh09M="
    },
    "minimalistic-crypto-utils": {
      "version": "1.0.1",
      "resolved": "https://campspot.jfrog.io/campspot/api/npm/npm-remote/minimalistic-crypto-utils/-/minimalistic-crypto-utils-1.0.1.tgz",
      "integrity": "sha1-9sAMHAsIIkblxNmd+4x8CDsrWCo="
    },
    "minimatch": {
      "version": "3.0.4",
      "resolved": "https://campspot.jfrog.io/campspot/api/npm/npm-remote/minimatch/-/minimatch-3.0.4.tgz",
      "integrity": "sha1-UWbihkV/AzBgZL5Ul+jbsMPTIIM=",
      "requires": {
        "brace-expansion": "1.1.11"
      }
    },
    "minimist": {
      "version": "1.2.0",
      "resolved": "https://campspot.jfrog.io/campspot/api/npm/npm-remote/minimist/-/minimist-1.2.0.tgz",
      "integrity": "sha1-o1AIsg9BOD7sH7kU9M1d95omQoQ="
    },
    "ms": {
      "version": "2.0.0",
      "resolved": "https://campspot.jfrog.io/campspot/api/npm/npm-remote/ms/-/ms-2.0.0.tgz",
      "integrity": "sha1-VgiurfwAvmwpAd9fmGF4jeDVl8g="
    },
    "multiaddr": {
      "version": "3.0.2",
      "resolved": "https://campspot.jfrog.io/campspot/api/npm/npm-remote/multiaddr/-/multiaddr-3.0.2.tgz",
      "integrity": "sha1-aZ4YZizKfXh5zu1meFkJj1r1fcg=",
      "requires": {
        "bs58": "4.0.1",
        "ip": "1.1.5",
        "lodash.filter": "4.6.0",
        "lodash.map": "4.6.0",
        "varint": "5.0.0",
        "xtend": "4.0.1"
      }
    },
    "multibase": {
      "version": "0.3.4",
      "resolved": "https://campspot.jfrog.io/campspot/api/npm/npm-remote/multibase/-/multibase-0.3.4.tgz",
      "integrity": "sha1-+6iwqslyT2LiR4JVfioGLjDTrn8=",
      "requires": {
        "base-x": "3.0.0"
      },
      "dependencies": {
        "base-x": {
          "version": "3.0.0",
          "resolved": "https://campspot.jfrog.io/campspot/api/npm/npm-remote/base-x/-/base-x-3.0.0.tgz",
          "integrity": "sha1-d7VvAxEHC3gLPIpfU0vqxH5QZwI="
        }
      }
    },
    "multicodec": {
      "version": "0.2.6",
      "resolved": "https://campspot.jfrog.io/campspot/api/npm/npm-remote/multicodec/-/multicodec-0.2.6.tgz",
      "integrity": "sha1-nS1lZfvAgVsTnfyQY3H8Od9N/ds=",
      "requires": {
        "varint": "5.0.0"
      }
    },
    "multihashes": {
      "version": "0.4.13",
      "resolved": "https://campspot.jfrog.io/campspot/api/npm/npm-remote/multihashes/-/multihashes-0.4.13.tgz",
      "integrity": "sha1-0QvXG9UdJKqJTipvFFcUa7e6wSU=",
      "requires": {
        "bs58": "4.0.1",
        "varint": "5.0.0"
      }
    },
    "multihashing-async": {
      "version": "0.4.7",
      "resolved": "https://campspot.jfrog.io/campspot/api/npm/npm-remote/multihashing-async/-/multihashing-async-0.4.7.tgz",
      "integrity": "sha1-tsSmhU5kw6oIcAtLnbbPoYyIqCg=",
      "requires": {
        "async": "2.6.0",
        "blakejs": "1.1.0",
        "js-sha3": "0.6.1",
        "multihashes": "0.4.13",
        "murmurhash3js": "3.0.1",
        "nodeify": "1.0.1"
      }
    },
    "murmurhash3js": {
      "version": "3.0.1",
      "resolved": "https://campspot.jfrog.io/campspot/api/npm/npm-remote/murmurhash3js/-/murmurhash3js-3.0.1.tgz",
      "integrity": "sha1-Ppg+W0fCoG9DpxMXTn5DXKBEuZg="
    },
    "nan": {
      "version": "2.8.0",
      "resolved": "https://campspot.jfrog.io/campspot/api/npm/npm-remote/nan/-/nan-2.8.0.tgz",
      "integrity": "sha1-7XFfP+neArV6XmJS2QqWZ14fCFo="
    },
    "ndjson": {
      "version": "1.5.0",
      "resolved": "https://campspot.jfrog.io/campspot/api/npm/npm-remote/ndjson/-/ndjson-1.5.0.tgz",
      "integrity": "sha1-rmA7NrE0vOw0e0UkIrC/mNWDLsg=",
      "requires": {
        "json-stringify-safe": "5.0.1",
        "minimist": "1.2.0",
        "split2": "2.2.0",
        "through2": "2.0.3"
      }
    },
    "negotiator": {
      "version": "0.6.1",
      "resolved": "https://campspot.jfrog.io/campspot/api/npm/npm-remote/negotiator/-/negotiator-0.6.1.tgz",
      "integrity": "sha1-KzJxhOiZIQEXeyhWP7XnECrNDKk="
    },
    "node-forge": {
      "version": "0.7.1",
      "resolved": "https://campspot.jfrog.io/campspot/api/npm/npm-remote/node-forge/-/node-forge-0.7.1.tgz",
      "integrity": "sha1-naYR6giYL0uUIGs760zJZl8gwwA="
    },
    "nodeify": {
      "version": "1.0.1",
      "resolved": "https://campspot.jfrog.io/campspot/api/npm/npm-remote/nodeify/-/nodeify-1.0.1.tgz",
      "integrity": "sha1-ZKtpp7268DzhB7TwM1yHwLnpGx0=",
      "requires": {
        "is-promise": "1.0.1",
        "promise": "1.3.0"
      }
    },
    "object-assign": {
      "version": "2.1.1",
      "resolved": "https://campspot.jfrog.io/campspot/api/npm/npm-remote/object-assign/-/object-assign-2.1.1.tgz",
      "integrity": "sha1-Q8NuXVaf+OSBbE76i+AtJpZ8GKo="
    },
    "on-finished": {
      "version": "2.3.0",
      "resolved": "https://registry.npmjs.org/on-finished/-/on-finished-2.3.0.tgz",
      "integrity": "sha1-IPEzZIGwg811M3mSoWlxqi2QaUc=",
      "requires": {
        "ee-first": "1.1.1"
      }
    },
    "once": {
      "version": "1.4.0",
      "resolved": "https://campspot.jfrog.io/campspot/api/npm/npm-remote/once/-/once-1.4.0.tgz",
      "integrity": "sha1-WDsap3WWHUsROsF9nFC6753Xa9E=",
      "requires": {
        "wrappy": "1.0.2"
      }
    },
    "optimist": {
      "version": "0.3.7",
      "resolved": "https://campspot.jfrog.io/campspot/api/npm/npm-remote/optimist/-/optimist-0.3.7.tgz",
      "integrity": "sha1-yQlBrVnkJzMokjB00s8ufLxuwNk=",
      "requires": {
        "wordwrap": "0.0.3"
      }
    },
    "parseurl": {
      "version": "1.3.2",
      "resolved": "https://campspot.jfrog.io/campspot/api/npm/npm-remote/parseurl/-/parseurl-1.3.2.tgz",
      "integrity": "sha1-/CidTtiZMRlGDBViUyYs3I3mW/M="
    },
    "path-is-absolute": {
      "version": "1.0.1",
      "resolved": "https://campspot.jfrog.io/campspot/api/npm/npm-remote/path-is-absolute/-/path-is-absolute-1.0.1.tgz",
      "integrity": "sha1-F0uSaHNVNP+8es5r9TpanhtcX18="
    },
    "path-to-regexp": {
      "version": "0.1.7",
      "resolved": "https://campspot.jfrog.io/campspot/api/npm/npm-remote/path-to-regexp/-/path-to-regexp-0.1.7.tgz",
      "integrity": "sha1-32BBeABfUi8V60SQ5yR6G/qmf4w="
    },
    "peer-id": {
      "version": "0.10.6",
      "resolved": "https://campspot.jfrog.io/campspot/api/npm/npm-remote/peer-id/-/peer-id-0.10.6.tgz",
      "integrity": "sha1-y1UuNdJiXPPkrrTeRd2z7pa7Pos=",
      "requires": {
        "async": "2.6.0",
        "libp2p-crypto": "0.12.1",
        "lodash": "4.17.5",
        "multihashes": "0.4.13"
      }
    },
    "peer-info": {
      "version": "0.11.6",
      "resolved": "https://campspot.jfrog.io/campspot/api/npm/npm-remote/peer-info/-/peer-info-0.11.6.tgz",
      "integrity": "sha1-BICwAw0t+P1PCYebJppxWyvSuhI=",
      "requires": {
        "lodash.uniqby": "4.7.0",
        "multiaddr": "3.0.2",
        "peer-id": "0.10.6"
      }
    },
    "pem-jwk": {
      "version": "1.5.1",
      "resolved": "https://campspot.jfrog.io/campspot/api/npm/npm-remote/pem-jwk/-/pem-jwk-1.5.1.tgz",
      "integrity": "sha1-eoY3/S9nqCflfAxC4cI8P9Us+wE=",
      "requires": {
        "asn1.js": "1.0.3"
      },
      "dependencies": {
        "asn1.js": {
          "version": "1.0.3",
          "resolved": "https://campspot.jfrog.io/campspot/api/npm/npm-remote/asn1.js/-/asn1.js-1.0.3.tgz",
          "integrity": "sha1-KBuj7B8kSP52X5Kk7s+IP+E2S1Q=",
          "requires": {
            "bn.js": "1.3.0",
            "inherits": "2.0.3",
            "minimalistic-assert": "1.0.0"
          }
        },
        "bn.js": {
          "version": "1.3.0",
          "resolved": "https://campspot.jfrog.io/campspot/api/npm/npm-remote/bn.js/-/bn.js-1.3.0.tgz",
          "integrity": "sha1-DbTL+W+PI7dC9by50ap6mZSgXoM=",
          "optional": true
        }
      }
    },
    "process-nextick-args": {
      "version": "2.0.0",
      "resolved": "https://campspot.jfrog.io/campspot/api/npm/npm-remote/process-nextick-args/-/process-nextick-args-2.0.0.tgz",
      "integrity": "sha1-o31zL0JxtKsa0HDTVQjoKQeI/6o="
    },
    "promise": {
      "version": "1.3.0",
      "resolved": "https://campspot.jfrog.io/campspot/api/npm/npm-remote/promise/-/promise-1.3.0.tgz",
      "integrity": "sha1-5cyaTIJ45GZP/twBx9qEhCsEAXU=",
      "requires": {
        "is-promise": "1.0.1"
      }
    },
    "promisify-es6": {
      "version": "1.0.3",
      "resolved": "https://campspot.jfrog.io/campspot/api/npm/npm-remote/promisify-es6/-/promisify-es6-1.0.3.tgz",
      "integrity": "sha1-sBJmjE3zyWXOE9qsKzpNFyapY0Y="
    },
    "protocol-buffers-schema": {
      "version": "3.3.2",
      "resolved": "https://campspot.jfrog.io/campspot/api/npm/npm-remote/protocol-buffers-schema/-/protocol-buffers-schema-3.3.2.tgz",
      "integrity": "sha1-AENPYItOjfVMWeBw7+78N/tLuFk="
    },
    "protons": {
      "version": "1.0.1",
      "resolved": "https://campspot.jfrog.io/campspot/api/npm/npm-remote/protons/-/protons-1.0.1.tgz",
      "integrity": "sha1-HBBxRMB/wtHLi2y3ZFHmqTgjdnY=",
      "requires": {
        "protocol-buffers-schema": "3.3.2",
        "safe-buffer": "5.1.1",
        "signed-varint": "2.0.1",
        "varint": "5.0.0"
      }
    },
    "proxy-addr": {
      "version": "2.0.2",
      "resolved": "https://campspot.jfrog.io/campspot/api/npm/npm-remote/proxy-addr/-/proxy-addr-2.0.2.tgz",
      "integrity": "sha1-ZXFQT0e7mI7IGAJT+F3X4UlSvew=",
      "requires": {
        "forwarded": "0.1.2",
        "ipaddr.js": "1.5.2"
      }
    },
    "pseudomap": {
      "version": "1.0.2",
      "resolved": "https://campspot.jfrog.io/campspot/api/npm/npm-remote/pseudomap/-/pseudomap-1.0.2.tgz",
      "integrity": "sha1-8FKijacOYYkX7wqKw0wa5aaChrM="
    },
    "pull-defer": {
      "version": "0.2.2",
      "resolved": "https://campspot.jfrog.io/campspot/api/npm/npm-remote/pull-defer/-/pull-defer-0.2.2.tgz",
      "integrity": "sha1-CIew/7MK8ypW2+z6csFnInHwexM="
    },
    "pull-pushable": {
      "version": "2.2.0",
      "resolved": "https://campspot.jfrog.io/campspot/api/npm/npm-remote/pull-pushable/-/pull-pushable-2.2.0.tgz",
      "integrity": "sha1-Xy867UethpGfAbEqLpnW8b13ZYE="
    },
    "pull-stream": {
      "version": "3.6.1",
      "resolved": "https://campspot.jfrog.io/campspot/api/npm/npm-remote/pull-stream/-/pull-stream-3.6.1.tgz",
      "integrity": "sha1-xcKuSlEkbv7rzGXAQSo9clqSzgA="
    },
    "pull-traverse": {
      "version": "1.0.3",
      "resolved": "https://campspot.jfrog.io/campspot/api/npm/npm-remote/pull-traverse/-/pull-traverse-1.0.3.tgz",
      "integrity": "sha1-dPtde+f6a9enjpeTPhmbeUWGaTg="
    },
    "pump": {
      "version": "3.0.0",
      "resolved": "https://campspot.jfrog.io/campspot/api/npm/npm-remote/pump/-/pump-3.0.0.tgz",
      "integrity": "sha1-tKIRaBW94vTh6mAjVOjHVWUQemQ=",
      "requires": {
        "end-of-stream": "1.4.1",
        "once": "1.4.0"
      }
    },
    "qs": {
      "version": "6.5.1",
      "resolved": "https://campspot.jfrog.io/campspot/api/npm/npm-remote/qs/-/qs-6.5.1.tgz",
      "integrity": "sha1-NJzfbu+J7EXBLX1es/wMhwNDptg="
    },
    "range-parser": {
      "version": "1.2.0",
      "resolved": "https://campspot.jfrog.io/campspot/api/npm/npm-remote/range-parser/-/range-parser-1.2.0.tgz",
      "integrity": "sha1-9JvmtIeJTdxA3MlKMi9hEJLgDV4="
    },
    "raw-body": {
      "version": "2.3.2",
      "resolved": "https://campspot.jfrog.io/campspot/api/npm/npm-remote/raw-body/-/raw-body-2.3.2.tgz",
      "integrity": "sha1-vNYMd9Prk83gBQKVw/N5OJvIj4k=",
      "requires": {
        "bytes": "3.0.0",
        "http-errors": "1.6.2",
        "iconv-lite": "0.4.19",
        "unpipe": "1.0.0"
      }
    },
    "readable-stream": {
      "version": "2.3.4",
      "resolved": "https://campspot.jfrog.io/campspot/api/npm/npm-remote/readable-stream/-/readable-stream-2.3.4.tgz",
      "integrity": "sha1-yUbD9H+n2Oq8C2FQ9KEvaaRXQHE=",
      "requires": {
        "core-util-is": "1.0.2",
        "inherits": "2.0.3",
        "isarray": "1.0.0",
        "process-nextick-args": "2.0.0",
        "safe-buffer": "5.1.1",
        "string_decoder": "1.0.3",
        "util-deprecate": "1.0.2"
      }
    },
    "ripemd160": {
      "version": "2.0.1",
      "resolved": "https://campspot.jfrog.io/campspot/api/npm/npm-remote/ripemd160/-/ripemd160-2.0.1.tgz",
      "integrity": "sha1-D0WEKVxTo2KK9+bXmsohzlfRxuc=",
      "requires": {
        "hash-base": "2.0.2",
        "inherits": "2.0.3"
      }
    },
    "rsa-pem-to-jwk": {
      "version": "1.1.3",
      "resolved": "https://campspot.jfrog.io/campspot/api/npm/npm-remote/rsa-pem-to-jwk/-/rsa-pem-to-jwk-1.1.3.tgz",
      "integrity": "sha1-JF52vbfnI0z+58oDLTG1TDj6uY4=",
      "requires": {
        "object-assign": "2.1.1",
        "rsa-unpack": "0.0.6"
      }
    },
    "rsa-unpack": {
      "version": "0.0.6",
      "resolved": "https://campspot.jfrog.io/campspot/api/npm/npm-remote/rsa-unpack/-/rsa-unpack-0.0.6.tgz",
      "integrity": "sha1-9Q69VqYoN45jHylxYQJs6atO3bo=",
      "requires": {
        "optimist": "0.3.7"
      }
    },
    "safe-buffer": {
      "version": "5.1.1",
      "resolved": "https://campspot.jfrog.io/campspot/api/npm/npm-remote/safe-buffer/-/safe-buffer-5.1.1.tgz",
      "integrity": "sha1-iTMSr2myEj3vcfV4iQAWce6yyFM="
    },
    "secp256k1": {
      "version": "3.5.0",
      "resolved": "https://campspot.jfrog.io/campspot/api/npm/npm-remote/secp256k1/-/secp256k1-3.5.0.tgz",
      "integrity": "sha1-Z307io4E4aX6OBoa5DfFQge3ONA=",
      "requires": {
        "bindings": "1.3.0",
        "bip66": "1.1.5",
        "bn.js": "4.11.8",
        "create-hash": "1.1.3",
        "drbg.js": "1.0.1",
        "elliptic": "6.4.0",
        "nan": "2.8.0",
        "safe-buffer": "5.1.1"
      }
    },
    "send": {
      "version": "0.16.1",
      "resolved": "https://campspot.jfrog.io/campspot/api/npm/npm-remote/send/-/send-0.16.1.tgz",
      "integrity": "sha1-pw4coh0TgsEdDZ9iMd6ygQgNerM=",
      "requires": {
        "debug": "2.6.9",
        "depd": "1.1.2",
        "destroy": "1.0.4",
        "encodeurl": "1.0.2",
        "escape-html": "1.0.3",
        "etag": "1.8.1",
        "fresh": "0.5.2",
        "http-errors": "1.6.2",
        "mime": "1.4.1",
        "ms": "2.0.0",
        "on-finished": "2.3.0",
        "range-parser": "1.2.0",
        "statuses": "1.3.1"
      },
      "dependencies": {
        "statuses": {
          "version": "1.3.1",
          "resolved": "https://campspot.jfrog.io/campspot/api/npm/npm-remote/statuses/-/statuses-1.3.1.tgz",
          "integrity": "sha1-+vUbnrdKrvOzrPStX2Gr8ky3uT4="
        }
      }
    },
    "serve-static": {
      "version": "1.13.1",
      "resolved": "https://campspot.jfrog.io/campspot/api/npm/npm-remote/serve-static/-/serve-static-1.13.1.tgz",
      "integrity": "sha1-TFfVNASnYdjy58HooYpH2/J4pxk=",
      "requires": {
        "encodeurl": "1.0.2",
        "escape-html": "1.0.3",
        "parseurl": "1.3.2",
        "send": "0.16.1"
      }
    },
    "setprototypeof": {
      "version": "1.0.3",
      "resolved": "https://campspot.jfrog.io/campspot/api/npm/npm-remote/setprototypeof/-/setprototypeof-1.0.3.tgz",
      "integrity": "sha1-ZlZ+NwQ+608E2RvWWMDL77VbjgQ="
    },
    "sha.js": {
      "version": "2.4.10",
      "resolved": "https://campspot.jfrog.io/campspot/api/npm/npm-remote/sha.js/-/sha.js-2.4.10.tgz",
      "integrity": "sha1-sf3lzX0RpWJmOKB8YEq5Cc+jH5s=",
      "requires": {
        "inherits": "2.0.3",
        "safe-buffer": "5.1.1"
      }
    },
    "signed-varint": {
      "version": "2.0.1",
      "resolved": "https://campspot.jfrog.io/campspot/api/npm/npm-remote/signed-varint/-/signed-varint-2.0.1.tgz",
      "integrity": "sha1-UKmYnafJjCxh2tEZvJdHDvhSgSk=",
      "requires": {
        "varint": "5.0.0"
      }
    },
    "split2": {
      "version": "2.2.0",
      "resolved": "https://campspot.jfrog.io/campspot/api/npm/npm-remote/split2/-/split2-2.2.0.tgz",
      "integrity": "sha1-GGsldbz4PoW30YRldWI47k7kJJM=",
      "requires": {
        "through2": "2.0.3"
      }
    },
    "stable": {
      "version": "0.1.6",
      "resolved": "https://campspot.jfrog.io/campspot/api/npm/npm-remote/stable/-/stable-0.1.6.tgz",
      "integrity": "sha1-kQ9dKu17Ugxud3SZwfMuE5/eyxA="
    },
    "statuses": {
      "version": "1.4.0",
      "resolved": "https://campspot.jfrog.io/campspot/api/npm/npm-remote/statuses/-/statuses-1.4.0.tgz",
      "integrity": "sha1-u3PURtonlhBu/MG2AaJT1sRr0Ic="
    },
    "stream-http": {
      "version": "2.8.0",
      "resolved": "https://campspot.jfrog.io/campspot/api/npm/npm-remote/stream-http/-/stream-http-2.8.0.tgz",
      "integrity": "sha1-/YZUbaybHJGv+PxdKHuY+vtBvBA=",
      "requires": {
        "builtin-status-codes": "3.0.0",
        "inherits": "2.0.3",
        "readable-stream": "2.3.4",
        "to-arraybuffer": "1.0.1",
        "xtend": "4.0.1"
      }
    },
    "stream-to-pull-stream": {
      "version": "1.7.2",
      "resolved": "https://campspot.jfrog.io/campspot/api/npm/npm-remote/stream-to-pull-stream/-/stream-to-pull-stream-1.7.2.tgz",
      "integrity": "sha1-dXYJrhzr0zx0MtSvvjH/eGULnd4=",
      "requires": {
        "looper": "3.0.0",
        "pull-stream": "3.6.1"
      }
    },
    "streamifier": {
      "version": "0.1.1",
      "resolved": "https://campspot.jfrog.io/campspot/api/npm/npm-remote/streamifier/-/streamifier-0.1.1.tgz",
      "integrity": "sha1-l+mNj6TRBdYqJpHR3AfoINuN/E8="
    },
    "string_decoder": {
      "version": "1.0.3",
      "resolved": "https://campspot.jfrog.io/campspot/api/npm/npm-remote/string_decoder/-/string_decoder-1.0.3.tgz",
      "integrity": "sha1-D8Z9fBQYJd6UKC3VNr7GubzoYKs=",
      "requires": {
        "safe-buffer": "5.1.1"
      }
    },
    "tar-stream": {
      "version": "1.5.5",
      "resolved": "https://campspot.jfrog.io/campspot/api/npm/npm-remote/tar-stream/-/tar-stream-1.5.5.tgz",
      "integrity": "sha1-XK2Ed59FyDsfJQjZawnYjHIYr1U=",
      "requires": {
        "bl": "1.2.1",
        "end-of-stream": "1.4.1",
        "readable-stream": "2.3.4",
        "xtend": "4.0.1"
      }
    },
    "through2": {
      "version": "2.0.3",
      "resolved": "https://campspot.jfrog.io/campspot/api/npm/npm-remote/through2/-/through2-2.0.3.tgz",
      "integrity": "sha1-AARWmzfHx0ujnEPzzteNGtlBQL4=",
      "requires": {
        "readable-stream": "2.3.4",
        "xtend": "4.0.1"
      }
    },
    "to-arraybuffer": {
      "version": "1.0.1",
      "resolved": "https://campspot.jfrog.io/campspot/api/npm/npm-remote/to-arraybuffer/-/to-arraybuffer-1.0.1.tgz",
      "integrity": "sha1-fSKbH8xjfkZsoIEYCDanqr/4P0M="
    },
    "tweetnacl": {
      "version": "1.0.0",
      "resolved": "https://campspot.jfrog.io/campspot/api/npm/npm-remote/tweetnacl/-/tweetnacl-1.0.0.tgz",
      "integrity": "sha1-cT2LgY2kIGh0C/aDhtBHnmb8ins="
    },
    "type-is": {
      "version": "1.6.16",
      "resolved": "https://campspot.jfrog.io/campspot/api/npm/npm-remote/type-is/-/type-is-1.6.16.tgz",
      "integrity": "sha1-+JzjQVQcZysl7nrjxz3uOyvlAZQ=",
      "requires": {
        "media-typer": "0.3.0",
        "mime-types": "2.1.18"
      }
    },
    "typedarray": {
      "version": "0.0.6",
      "resolved": "https://campspot.jfrog.io/campspot/api/npm/npm-remote/typedarray/-/typedarray-0.0.6.tgz",
      "integrity": "sha1-hnrHTjhkGHsdPUfZlqeOxciDB3c="
    },
    "unpipe": {
      "version": "1.0.0",
      "resolved": "https://campspot.jfrog.io/campspot/api/npm/npm-remote/unpipe/-/unpipe-1.0.0.tgz",
      "integrity": "sha1-sr9O6FFKrmFltIF4KdIbLvSZBOw="
    },
    "util-deprecate": {
      "version": "1.0.2",
      "resolved": "https://campspot.jfrog.io/campspot/api/npm/npm-remote/util-deprecate/-/util-deprecate-1.0.2.tgz",
      "integrity": "sha1-RQ1Nyfpw3nMnYvvS1KKJgUGaDM8="
    },
    "utils-merge": {
      "version": "1.0.1",
      "resolved": "https://campspot.jfrog.io/campspot/api/npm/npm-remote/utils-merge/-/utils-merge-1.0.1.tgz",
      "integrity": "sha1-n5VxD1CiZ5R7LMwSR0HBAoQn5xM="
    },
    "uuid": {
      "version": "3.2.1",
      "resolved": "https://campspot.jfrog.io/campspot/api/npm/npm-remote/uuid/-/uuid-3.2.1.tgz",
      "integrity": "sha1-EsUou51Y0LkmXZovbw/ovhf/HxQ="
    },
    "varint": {
      "version": "5.0.0",
      "resolved": "https://campspot.jfrog.io/campspot/api/npm/npm-remote/varint/-/varint-5.0.0.tgz",
      "integrity": "sha1-2Ca4n3SQcy+rwMDtaT7Uddyynr8="
    },
    "vary": {
      "version": "1.1.2",
      "resolved": "https://campspot.jfrog.io/campspot/api/npm/npm-remote/vary/-/vary-1.1.2.tgz",
      "integrity": "sha1-IpnwLG3tMNSllhsLn3RSShj2NPw="
    },
    "webcrypto-shim": {
      "version": "github:dignifiedquire/webcrypto-shim#190bc9ec341375df6025b17ae12ddb2428ea49c8"
    },
    "wordwrap": {
      "version": "0.0.3",
      "resolved": "https://campspot.jfrog.io/campspot/api/npm/npm-remote/wordwrap/-/wordwrap-0.0.3.tgz",
      "integrity": "sha1-o9XabNXAvAAI03I0u68b7WMFkQc="
    },
    "wrappy": {
      "version": "1.0.2",
      "resolved": "https://campspot.jfrog.io/campspot/api/npm/npm-remote/wrappy/-/wrappy-1.0.2.tgz",
      "integrity": "sha1-tSQ9jz7BqjXxNkYFvA0QNuMKtp8="
    },
    "xtend": {
      "version": "4.0.1",
      "resolved": "https://campspot.jfrog.io/campspot/api/npm/npm-remote/xtend/-/xtend-4.0.1.tgz",
      "integrity": "sha1-pcbVMr5lbiPbgg77lDofBJmNY68="
    },
    "yallist": {
      "version": "2.1.2",
      "resolved": "https://campspot.jfrog.io/campspot/api/npm/npm-remote/yallist/-/yallist-2.1.2.tgz",
      "integrity": "sha1-HBH5IY8HYImkfdUS+TxmmaaoHVI="
    }
  }
}
